
Microsoft Visual Studio Solution File, Format Version 12.00
# Visual Studio 2013
VisualStudioVersion = 12.0.21005.1
MinimumVisualStudioVersion = 10.0.40219.1
Project("{8BC9CEB8-8B4A-11D0-8D11-00A0C91BC942}") = "判断字节序_2", "判断字节序_2\判断字节序_2.vcxproj", "{A23D25FB-74FD-414D-952A-D78F094EFD83}"
EndProject
Global
	GlobalSection(SolutionConfigurationPlatforms) = preSolution
		Debug|Win32 = Debug|Win32
		Release|Win32 = Release|Win32
	EndGlobalSection
	GlobalSection(ProjectConfigurationPlatforms) = postSolution
		{A23D25FB-74FD-414D-952A-D78F094EFD83}.Debug|Win32.ActiveCfg = Debug|Win32
		{A23D25FB-74FD-414D-952A-D78F094EFD83}.Debug|Win32.Build.0 = Debug|Win32
		{A23D25FB-74FD-414D-952A-D78F094EFD83}.Release|Win32.ActiveCfg = Release|Win32
		{A23D25FB-74FD-414D-952A-D78F094EFD83}.Release|Win32.Build.0 = Release|Win32
	EndGlobalSection
	GlobalSection(SolutionProperties) = preSolution
		HideSolutionNode = FALSE
	EndGlobalSection
EndGlobal
